
Microsoft Visual Studio Solution File, Format Version 12.00
# Visual Studio Version 17
VisualStudioVersion = 17.1.32113.165
MinimumVisualStudioVersion = 10.0.40219.1
Project("{FAE04EC0-301F-11D3-BF4B-00C04F79EFBC}") = "Flight-Management-System", "Flight-Management-System.csproj", "{3A15AF53-7D88-42E4-B8EB-5D243B618AB2}"
EndProject
Global
	GlobalSection(SolutionConfigurationPlatforms) = preSolution
		Debug|Any CPU = Debug|Any CPU
		Release|Any CPU = Release|Any CPU
	EndGlobalSection
	GlobalSection(ProjectConfigurationPlatforms) = postSolution
		{3A15AF53-7D88-42E4-B8EB-5D243B618AB2}.Debug|Any CPU.ActiveCfg = Debug|Any CPU
		{3A15AF53-7D88-42E4-B8EB-5D243B618AB2}.Debug|Any CPU.Build.0 = Debug|Any CPU
		{3A15AF53-7D88-42E4-B8EB-5D243B618AB2}.Release|Any CPU.ActiveCfg = Release|Any CPU
		{3A15AF53-7D88-42E4-B8EB-5D243B618AB2}.Release|Any CPU.Build.0 = Release|Any CPU
	EndGlobalSection
	GlobalSection(SolutionProperties) = preSolution
		HideSolutionNode = FALSE
	EndGlobalSection
	GlobalSection(ExtensibilityGlobals) = postSolution
		SolutionGuid = {F010BDD5-5546-4D25-B3A4-DFD8A4134DDB}
	EndGlobalSection
EndGlobal
